
Microsoft Visual Studio Solution File, Format Version 12.00
# Visual Studio 15
VisualStudioVersion = 15.0.28010.2036
MinimumVisualStudioVersion = 10.0.40219.1
Project("{FAE04EC0-301F-11D3-BF4B-00C04F79EFBC}") = "WindowsAuthenticationAPI", "WindowsAuthenticationAPI\WindowsAuthenticationAPI.csproj", "{789AE9CC-4C1C-4773-87C7-76D5A2980A0F}"
EndProject
Global
	GlobalSection(SolutionConfigurationPlatforms) = preSolution
		Debug|Any CPU = Debug|Any CPU
		Release|Any CPU = Release|Any CPU
	EndGlobalSection
	GlobalSection(ProjectConfigurationPlatforms) = postSolution
		{789AE9CC-4C1C-4773-87C7-76D5A2980A0F}.Debug|Any CPU.ActiveCfg = Debug|Any CPU
		{789AE9CC-4C1C-4773-87C7-76D5A2980A0F}.Debug|Any CPU.Build.0 = Debug|Any CPU
		{789AE9CC-4C1C-4773-87C7-76D5A2980A0F}.Release|Any CPU.ActiveCfg = Release|Any CPU
		{789AE9CC-4C1C-4773-87C7-76D5A2980A0F}.Release|Any CPU.Build.0 = Release|Any CPU
	EndGlobalSection
	GlobalSection(SolutionProperties) = preSolution
		HideSolutionNode = FALSE
	EndGlobalSection
	GlobalSection(ExtensibilityGlobals) = postSolution
		SolutionGuid = {0372D636-3FAA-40BB-97C8-4B2941D353B8}
	EndGlobalSection
EndGlobal
